# This file is automatically @generated by Cargo.
# It is not intended for manual editing.
version = 3

[[package]]
name = "CLIClient"
version = "0.1.0"
dependencies = [
 "TCPClient",
]

[[package]]
name = "SmartSoket"
version = "0.1.0"
dependencies = [
 "TCPServer",
]

[[package]]
name = "TCPClient"
version = "0.1.0"

[[package]]
name = "TCPServer"
version = "0.1.0"

[[package]]
name = "TCPSmartSoket"
version = "0.1.0"
dependencies = [
 "CLIClient",
 "SmartSoket",
 "TCPClient",
 "TCPServer",
]
